PODS:
  - DayDatePicker (1.4)
  - FBSnapshotTestCase (2.1.4):
    - FBSnapshotTestCase/SwiftSupport (= 2.1.4)
  - FBSnapshotTestCase/Core (2.1.4)
  - FBSnapshotTestCase/SwiftSupport (2.1.4):
    - FBSnapshotTestCase/Core

DEPENDENCIES:
  - DayDatePicker (from `../`)
  - FBSnapshotTestCase (~> 2.1.4)

EXTERNAL SOURCES:
  DayDatePicker:
    :path: ../

SPEC CHECKSUMS:
  DayDatePicker: 790c99966f31f65496ec0f26a2f0bc25036bb923
  FBSnapshotTestCase: 094f9f314decbabe373b87cc339bea235a63e07a

PODFILE CHECKSUM: 69fcf032d21f0c566bbf962e2e8c2116500e1eda

COCOAPODS: 1.4.0
