// !$*UTF8*$!
{
	archiveVersion = 1;
	classes = {
	};
	objectVersion = 46;
	objects = {

/* Begin PBXBuildFile section */
		1E9EAF6E1A6BDF9F000C1AE7 /* Main.storyboard in Resources */ = {isa = PBXBuildFile; fileRef = 1E9EAF6D1A6BDF9F000C1AE7 /* Main.storyboard */; };
		1E9EAF731A6BDFB4000C1AE7 /* AppDelegate.m in Sources */ = {isa = PBXBuildFile; fileRef = 1E9EAF701A6BDFB4000C1AE7 /* AppDelegate.m */; };
		1E9EAF741A6BDFB4000C1AE7 /* Info.plist in Resources */ = {isa = PBXBuildFile; fileRef = 1E9EAF711A6BDFB4000C1AE7 /* Info.plist */; };
		1E9EAF751A6BDFB4000C1AE7 /* main.m in Sources */ = {isa = PBXBuildFile; fileRef = 1E9EAF721A6BDFB4000C1AE7 /* main.m */; };
		1E9EAF861A6BE01A000C1AE7 /* Default-568h@2x.png in Resources */ = {isa = PBXBuildFile; fileRef = 1E9EAF851A6BE01A000C1AE7 /* Default-568h@2x.png */; };
		1E9EAF891A6BE0CF000C1AE7 /* ViewController.m in Sources */ = {isa = PBXBuildFile; fileRef = 1E9EAF881A6BE0CF000C1AE7 /* ViewController.m */; };
		1E9EAF8C1A6BE111000C1AE7 /* DayDatePickerView.m in Sources */ = {isa = PBXBuildFile; fileRef = 1E9EAF8B1A6BE111000C1AE7 /* DayDatePickerView.m */; };
/* End PBXBuildFile section */

/* Begin PBXFileReference section */
		1E9DF3841A6B016D0067EB7E /* DayDatePicker Demo.app */ = {isa = PBXFileReference; explicitFileType = wrapper.application; includeInIndex = 0; path = "DayDatePicker Demo.app"; sourceTree = BUILT_PRODUCTS_DIR; };
		1E9EAF6D1A6BDF9F000C1AE7 /* Main.storyboard */ = {isa = PBXFileReference; fileEncoding = 4; lastKnownFileType = file.storyboard; path = Main.storyboard; sourceTree = SOURCE_ROOT; };
		1E9EAF6F1A6BDFB4000C1AE7 /* AppDelegate.h */ = {isa = PBXFileReference; fileEncoding = 4; lastKnownFileType = sourcecode.c.h; name = AppDelegate.h; path = "Supporting Files/AppDelegate.h"; sourceTree = SOURCE_ROOT; };
		1E9EAF701A6BDFB4000C1AE7 /* AppDelegate.m */ = {isa = PBXFileReference; fileEncoding = 4; lastKnownFileType = sourcecode.c.objc; name = AppDelegate.m; path = "Supporting Files/AppDelegate.m"; sourceTree = SOURCE_ROOT; };
		1E9EAF711A6BDFB4000C1AE7 /* Info.plist */ = {isa = PBXFileReference; fileEncoding = 4; lastKnownFileType = text.plist.xml; name = Info.plist; path = "Supporting Files/Info.plist"; sourceTree = SOURCE_ROOT; };
		1E9EAF721A6BDFB4000C1AE7 /* main.m */ = {isa = PBXFileReference; fileEncoding = 4; lastKnownFileType = sourcecode.c.objc; name = main.m; path = "Supporting Files/main.m"; sourceTree = SOURCE_ROOT; };
		1E9EAF851A6BE01A000C1AE7 /* Default-568h@2x.png */ = {isa = PBXFileReference; lastKnownFileType = image.png; name = "Default-568h@2x.png"; path = "Supporting Files/Default-568h@2x.png"; sourceTree = SOURCE_ROOT; };
		1E9EAF871A6BE0CF000C1AE7 /* ViewController.h */ = {isa = PBXFileReference; fileEncoding = 4; lastKnownFileType = sourcecode.c.h; path = ViewController.h; sourceTree = SOURCE_ROOT; };
		1E9EAF881A6BE0CF000C1AE7 /* ViewController.m */ = {isa = PBXFileReference; fileEncoding = 4; lastKnownFileType = sourcecode.c.objc; path = ViewController.m; sourceTree = SOURCE_ROOT; };
		1E9EAF8A1A6BE111000C1AE7 /* DayDatePickerView.h */ = {isa = PBXFileReference; fileEncoding = 4; lastKnownFileType = sourcecode.c.h; name = DayDatePickerView.h; path = ../DayDatePickerView.h; sourceTree = SOURCE_ROOT; };
		1E9EAF8B1A6BE111000C1AE7 /* DayDatePickerView.m */ = {isa = PBXFileReference; fileEncoding = 4; lastKnownFileType = sourcecode.c.objc; name = DayDatePickerView.m; path = ../DayDatePickerView.m; sourceTree = SOURCE_ROOT; };
/* End PBXFileReference section */

/* Begin PBXFrameworksBuildPhase section */
		1E9DF3811A6B016D0067EB7E /* Frameworks */ = {
			isa = PBXFrameworksBuildPhase;
			buildActionMask = 2147483647;
			files = (
			);
			runOnlyForDeploymentPostprocessing = 0;
		};
/* End PBXFrameworksBuildPhase section */

/* Begin PBXGroup section */
		1E9DF37B1A6B016C0067EB7E = {
			isa = PBXGroup;
			children = (
				1E9DF3861A6B016D0067EB7E /* DayDatePicker */,
				1E9DF3851A6B016D0067EB7E /* Products */,
			);
			sourceTree = "<group>";
		};
		1E9DF3851A6B016D0067EB7E /* Products */ = {
			isa = PBXGroup;
			children = (
				1E9DF3841A6B016D0067EB7E /* DayDatePicker Demo.app */,
			);
			name = Products;
			sourceTree = "<group>";
		};
		1E9DF3861A6B016D0067EB7E /* DayDatePicker */ = {
			isa = PBXGroup;
			children = (
				1E9EAF8A1A6BE111000C1AE7 /* DayDatePickerView.h */,
				1E9EAF8B1A6BE111000C1AE7 /* DayDatePickerView.m */,
				1E9EAF6D1A6BDF9F000C1AE7 /* Main.storyboard */,
				1E9EAF871A6BE0CF000C1AE7 /* ViewController.h */,
				1E9EAF881A6BE0CF000C1AE7 /* ViewController.m */,
				1E9DF3871A6B016D0067EB7E /* Supporting Files */,
			);
			path = DayDatePicker;
			sourceTree = "<group>";
		};
		1E9DF3871A6B016D0067EB7E /* Supporting Files */ = {
			isa = PBXGroup;
			children = (
				1E9EAF851A6BE01A000C1AE7 /* Default-568h@2x.png */,
				1E9EAF6F1A6BDFB4000C1AE7 /* AppDelegate.h */,
				1E9EAF701A6BDFB4000C1AE7 /* AppDelegate.m */,
				1E9EAF711A6BDFB4000C1AE7 /* Info.plist */,
				1E9EAF721A6BDFB4000C1AE7 /* main.m */,
			);
			name = "Supporting Files";
			sourceTree = "<group>";
		};
/* End PBXGroup section */

/* Begin PBXNativeTarget section */
		1E9DF3831A6B016D0067EB7E /* DayDatePicker Demo */ = {
			isa = PBXNativeTarget;
			buildConfigurationList = 1E9DF3A71A6B016E0067EB7E /* Build configuration list for PBXNativeTarget "DayDatePicker Demo" */;
			buildPhases = (
				1E9DF3801A6B016D0067EB7E /* Sources */,
				1E9DF3811A6B016D0067EB7E /* Frameworks */,
				1E9DF3821A6B016D0067EB7E /* Resources */,
			);
			buildRules = (
			);
			dependencies = (
			);
			name = "DayDatePicker Demo";
			productName = DayDatePicker;
			productReference = 1E9DF3841A6B016D0067EB7E /* DayDatePicker Demo.app */;
			productType = "com.apple.product-type.application";
		};
/* End PBXNativeTarget section */

/* Begin PBXProject section */
		1E9DF37C1A6B016C0067EB7E /* Project object */ = {
			isa = PBXProject;
			attributes = {
				LastUpgradeCheck = 0610;
				ORGANIZATIONNAME = "Hugh Bellamy";
				TargetAttributes = {
					1E9DF3831A6B016D0067EB7E = {
						CreatedOnToolsVersion = 6.1.1;
					};
				};
			};
			buildConfigurationList = 1E9DF37F1A6B016C0067EB7E /* Build configuration list for PBXProject "DayDatePicker" */;
			compatibilityVersion = "Xcode 3.2";
			developmentRegion = English;
			hasScannedForEncodings = 0;
			knownRegions = (
				en,
				Base,
			);
			mainGroup = 1E9DF37B1A6B016C0067EB7E;
			productRefGroup = 1E9DF3851A6B016D0067EB7E /* Products */;
			projectDirPath = "";
			projectRoot = "";
			targets = (
				1E9DF3831A6B016D0067EB7E /* DayDatePicker Demo */,
			);
		};
/* End PBXProject section */

/* Begin PBXResourcesBuildPhase section */
		1E9DF3821A6B016D0067EB7E /* Resources */ = {
			isa = PBXResourcesBuildPhase;
			buildActionMask = 2147483647;
			files = (
				1E9EAF741A6BDFB4000C1AE7 /* Info.plist in Resources */,
				1E9EAF6E1A6BDF9F000C1AE7 /* Main.storyboard in Resources */,
				1E9EAF861A6BE01A000C1AE7 /* Default-568h@2x.png in Resources */,
			);
			runOnlyForDeploymentPostprocessing = 0;
		};
/* End PBXResourcesBuildPhase section */

/* Begin PBXSourcesBuildPhase section */
		1E9DF3801A6B016D0067EB7E /* Sources */ = {
			isa = PBXSourcesBuildPhase;
			buildActionMask = 2147483647;
			files = (
				1E9EAF751A6BDFB4000C1AE7 /* main.m in Sources */,
				1E9EAF731A6BDFB4000C1AE7 /* AppDelegate.m in Sources */,
				1E9EAF891A6BE0CF000C1AE7 /* ViewController.m in Sources */,
				1E9EAF8C1A6BE111000C1AE7 /* DayDatePickerView.m in Sources */,
			);
			runOnlyForDeploymentPostprocessing = 0;
		};
/* End PBXSourcesBuildPhase section */

/* Begin XCBuildConfiguration section */
		1E9DF3A51A6B016E0067EB7E /* Debug */ = {
			isa = XCBuildConfiguration;
			buildSettings = {
				ALWAYS_SEARCH_USER_PATHS = NO;
				CLANG_CXX_LANGUAGE_STANDARD = "gnu++0x";
				CLANG_CXX_LIBRARY = "libc++";
				CLANG_ENABLE_MODULES = YES;
				CLANG_ENABLE_OBJC_ARC = YES;
				CLANG_WARN_BOOL_CONVERSION = YES;
				CLANG_WARN_CONSTANT_CONVERSION = YES;
				CLANG_WARN_DIRECT_OBJC_ISA_USAGE = YES_ERROR;
				CLANG_WARN_EMPTY_BODY = YES;
				CLANG_WARN_ENUM_CONVERSION = YES;
				CLANG_WARN_INT_CONVERSION = YES;
				CLANG_WARN_OBJC_ROOT_CLASS = YES_ERROR;
				CLANG_WARN_UNREACHABLE_CODE = YES;
				CLANG_WARN__DUPLICATE_METHOD_MATCH = YES;
				"CODE_SIGN_IDENTITY[sdk=iphoneos*]" = "iPhone Developer";
				COPY_PHASE_STRIP = NO;
				ENABLE_STRICT_OBJC_MSGSEND = YES;
				GCC_C_LANGUAGE_STANDARD = gnu99;
				GCC_DYNAMIC_NO_PIC = NO;
				GCC_OPTIMIZATION_LEVEL = 0;
				GCC_PREPROCESSOR_DEFINITIONS = (
					"DEBUG=1",
					"$(inherited)",
				);
				GCC_SYMBOLS_PRIVATE_EXTERN = NO;
				GCC_WARN_64_TO_32_BIT_CONVERSION = YES;
				GCC_WARN_ABOUT_RETURN_TYPE = YES_ERROR;
				GCC_WARN_UNDECLARED_SELECTOR = YES;
				GCC_WARN_UNINITIALIZED_AUTOS = YES_AGGRESSIVE;
				GCC_WARN_UNUSED_FUNCTION = YES;
				GCC_WARN_UNUSED_VARIABLE = YES;
				IPHONEOS_DEPLOYMENT_TARGET = 8.1;
				MTL_ENABLE_DEBUG_INFO = YES;
				ONLY_ACTIVE_ARCH = YES;
				SDKROOT = iphoneos;
			};
			name = Debug;
		};
		1E9DF3A61A6B016E0067EB7E /* Release */ = {
			isa = XCBuildConfiguration;
			buildSettings = {
				ALWAYS_SEARCH_USER_PATHS = NO;
				CLANG_CXX_LANGUAGE_STANDARD = "gnu++0x";
				CLANG_CXX_LIBRARY = "libc++";
				CLANG_ENABLE_MODULES = YES;
				CLANG_ENABLE_OBJC_ARC = YES;
				CLANG_WARN_BOOL_CONVERSION = YES;
				CLANG_WARN_CONSTANT_CONVERSION = YES;
				CLANG_WARN_DIRECT_OBJC_ISA_USAGE = YES_ERROR;
				CLANG_WARN_EMPTY_BODY = YES;
				CLANG_WARN_ENUM_CONVERSION = YES;
				CLANG_WARN_INT_CONVERSION = YES;
				CLANG_WARN_OBJC_ROOT_CLASS = YES_ERROR;
				CLANG_WARN_UNREACHABLE_CODE = YES;
				CLANG_WARN__DUPLICATE_METHOD_MATCH = YES;
				"CODE_SIGN_IDENTITY[sdk=iphoneos*]" = "iPhone Developer";
				COPY_PHASE_STRIP = YES;
				ENABLE_NS_ASSERTIONS = NO;
				ENABLE_STRICT_OBJC_MSGSEND = YES;
				GCC_C_LANGUAGE_STANDARD = gnu99;
				GCC_WARN_64_TO_32_BIT_CONVERSION = YES;
				GCC_WARN_ABOUT_RETURN_TYPE = YES_ERROR;
				GCC_WARN_UNDECLARED_SELECTOR = YES;
				GCC_WARN_UNINITIALIZED_AUTOS = YES_AGGRESSIVE;
				GCC_WARN_UNUSED_FUNCTION = YES;
				GCC_WARN_UNUSED_VARIABLE = YES;
				IPHONEOS_DEPLOYMENT_TARGET = 8.1;
				MTL_ENABLE_DEBUG_INFO = NO;
				SDKROOT = iphoneos;
				VALIDATE_PRODUCT = YES;
			};
			name = Release;
		};
		1E9DF3A81A6B016E0067EB7E /* Debug */ = {
			isa = XCBuildConfiguration;
			buildSettings = {
				ASSETCATALOG_COMPILER_APPICON_NAME = AppIcon;
				INFOPLIST_FILE = "$(SRCROOT)/Supporting Files/Info.plist";
				LD_RUNPATH_SEARCH_PATHS = "$(inherited) @executable_path/Frameworks";
				PRODUCT_NAME = "$(TARGET_NAME)";
			};
			name = Debug;
		};
		1E9DF3A91A6B016E0067EB7E /* Release */ = {
			isa = XCBuildConfiguration;
			buildSettings = {
				ASSETCATALOG_COMPILER_APPICON_NAME = AppIcon;
				INFOPLIST_FILE = "$(SRCROOT)/Supporting Files/Info.plist";
				LD_RUNPATH_SEARCH_PATHS = "$(inherited) @executable_path/Frameworks";
				PRODUCT_NAME = "$(TARGET_NAME)";
			};
			name = Release;
		};
/* End XCBuildConfiguration section */

/* Begin XCConfigurationList section */
		1E9DF37F1A6B016C0067EB7E /* Build configuration list for PBXProject "DayDatePicker" */ = {
			isa = XCConfigurationList;
			buildConfigurations = (
				1E9DF3A51A6B016E0067EB7E /* Debug */,
				1E9DF3A61A6B016E0067EB7E /* Release */,
			);
			defaultConfigurationIsVisible = 0;
			defaultConfigurationName = Release;
		};
		1E9DF3A71A6B016E0067EB7E /* Build configuration list for PBXNativeTarget "DayDatePicker Demo" */ = {
			isa = XCConfigurationList;
			buildConfigurations = (
				1E9DF3A81A6B016E0067EB7E /* Debug */,
				1E9DF3A91A6B016E0067EB7E /* Release */,
			);
			defaultConfigurationIsVisible = 0;
			defaultConfigurationName = Release;
		};
/* End XCConfigurationList section */
	};
	rootObject = 1E9DF37C1A6B016C0067EB7E /* Project object */;
}
